
Microsoft Visual Studio Solution File, Format Version 12.00
# Visual Studio Version 16
VisualStudioVersion = 16.0.30011.22
MinimumVisualStudioVersion = 10.0.40219.1
Project("{8BC9CEB8-8B4A-11D0-8D11-00A0C91BC942}") = "Assignment1", "Tutorial 2\Tutorial 2.vcxproj", "{E9ECB82F-6C38-43C2-A5D4-0F1DDAC723AE}"
EndProject
Global
	GlobalSection(SolutionConfigurationPlatforms) = preSolution
		Debug|x64 = Debug|x64
		Debug|x86 = Debug|x86
		Release|x64 = Release|x64
		Release|x86 = Release|x86
	EndGlobalSection
	GlobalSection(ProjectConfigurationPlatforms) = postSolution
		{E9ECB82F-6C38-43C2-A5D4-0F1DDAC723AE}.Debug|x64.ActiveCfg = Debug|x64
		{E9ECB82F-6C38-43C2-A5D4-0F1DDAC723AE}.Debug|x64.Build.0 = Debug|x64
		{E9ECB82F-6C38-43C2-A5D4-0F1DDAC723AE}.Debug|x86.ActiveCfg = Debug|Win32
		{E9ECB82F-6C38-43C2-A5D4-0F1DDAC723AE}.Debug|x86.Build.0 = Debug|Win32
		{E9ECB82F-6C38-43C2-A5D4-0F1DDAC723AE}.Release|x64.ActiveCfg = Release|x64
		{E9ECB82F-6C38-43C2-A5D4-0F1DDAC723AE}.Release|x64.Build.0 = Release|x64
		{E9ECB82F-6C38-43C2-A5D4-0F1DDAC723AE}.Release|x86.ActiveCfg = Release|Win32
		{E9ECB82F-6C38-43C2-A5D4-0F1DDAC723AE}.Release|x86.Build.0 = Release|Win32
	EndGlobalSection
	GlobalSection(SolutionProperties) = preSolution
		HideSolutionNode = FALSE
	EndGlobalSection
	GlobalSection(ExtensibilityGlobals) = postSolution
		SolutionGuid = {7BEFDB41-584C-4FA7-A906-F7FDB8D59974}
	EndGlobalSection
EndGlobal
